
Microsoft Visual Studio Solution File, Format Version 12.00
# Visual Studio Version 17
VisualStudioVersion = 17.8.34511.84
MinimumVisualStudioVersion = 10.0.40219.1
Project("{FAE04EC0-301F-11D3-BF4B-00C04F79EFBC}") = "MemEstaticos", "MemEstaticos.csproj", "{8F34D3E0-07E9-46F7-B2B9-6AEC18CFDA32}"
EndProject
Global
	GlobalSection(SolutionConfigurationPlatforms) = preSolution
		Debug|Any CPU = Debug|Any CPU
		Release|Any CPU = Release|Any CPU
	EndGlobalSection
	GlobalSection(ProjectConfigurationPlatforms) = postSolution
		{8F34D3E0-07E9-46F7-B2B9-6AEC18CFDA32}.Debug|Any CPU.ActiveCfg = Debug|Any CPU
		{8F34D3E0-07E9-46F7-B2B9-6AEC18CFDA32}.Debug|Any CPU.Build.0 = Debug|Any CPU
		{8F34D3E0-07E9-46F7-B2B9-6AEC18CFDA32}.Release|Any CPU.ActiveCfg = Release|Any CPU
		{8F34D3E0-07E9-46F7-B2B9-6AEC18CFDA32}.Release|Any CPU.Build.0 = Release|Any CPU
	EndGlobalSection
	GlobalSection(SolutionProperties) = preSolution
		HideSolutionNode = FALSE
	EndGlobalSection
	GlobalSection(ExtensibilityGlobals) = postSolution
		SolutionGuid = {95D732B9-998C-4B00-99CE-8B96B59FB02D}
	EndGlobalSection
EndGlobal
