
Microsoft Visual Studio Solution File, Format Version 12.00
# Visual Studio Version 17
VisualStudioVersion = 17.8.34330.188
MinimumVisualStudioVersion = 10.0.40219.1
Project("{FAE04EC0-301F-11D3-BF4B-00C04F79EFBC}") = "Exercoa", "Exercoa.csproj", "{46505BC8-8A11-4F6E-9607-47F149935313}"
EndProject
Global
	GlobalSection(SolutionConfigurationPlatforms) = preSolution
		Debug|Any CPU = Debug|Any CPU
		Release|Any CPU = Release|Any CPU
	EndGlobalSection
	GlobalSection(ProjectConfigurationPlatforms) = postSolution
		{46505BC8-8A11-4F6E-9607-47F149935313}.Debug|Any CPU.ActiveCfg = Debug|Any CPU
		{46505BC8-8A11-4F6E-9607-47F149935313}.Debug|Any CPU.Build.0 = Debug|Any CPU
		{46505BC8-8A11-4F6E-9607-47F149935313}.Release|Any CPU.ActiveCfg = Release|Any CPU
		{46505BC8-8A11-4F6E-9607-47F149935313}.Release|Any CPU.Build.0 = Release|Any CPU
	EndGlobalSection
	GlobalSection(SolutionProperties) = preSolution
		HideSolutionNode = FALSE
	EndGlobalSection
	GlobalSection(ExtensibilityGlobals) = postSolution
		SolutionGuid = {F82A0141-C0A2-4831-9D7E-D5A2BA08F671}
	EndGlobalSection
EndGlobal
