
Microsoft Visual Studio Solution File, Format Version 12.00
# Visual Studio Version 17
VisualStudioVersion = 17.8.34330.188
MinimumVisualStudioVersion = 10.0.40219.1
Project("{FAE04EC0-301F-11D3-BF4B-00C04F79EFBC}") = "OpAritmeticos", "OpAritmeticos.csproj", "{F80878A3-F7D3-4077-9506-AAEB45B48D64}"
EndProject
Global
	GlobalSection(SolutionConfigurationPlatforms) = preSolution
		Debug|Any CPU = Debug|Any CPU
		Release|Any CPU = Release|Any CPU
	EndGlobalSection
	GlobalSection(ProjectConfigurationPlatforms) = postSolution
		{F80878A3-F7D3-4077-9506-AAEB45B48D64}.Debug|Any CPU.ActiveCfg = Debug|Any CPU
		{F80878A3-F7D3-4077-9506-AAEB45B48D64}.Debug|Any CPU.Build.0 = Debug|Any CPU
		{F80878A3-F7D3-4077-9506-AAEB45B48D64}.Release|Any CPU.ActiveCfg = Release|Any CPU
		{F80878A3-F7D3-4077-9506-AAEB45B48D64}.Release|Any CPU.Build.0 = Release|Any CPU
	EndGlobalSection
	GlobalSection(SolutionProperties) = preSolution
		HideSolutionNode = FALSE
	EndGlobalSection
	GlobalSection(ExtensibilityGlobals) = postSolution
		SolutionGuid = {488F0B03-D9E4-4856-B90B-CB0E7D1B1AC4}
	EndGlobalSection
EndGlobal
