
Microsoft Visual Studio Solution File, Format Version 12.00
# Visual Studio Version 17
VisualStudioVersion = 17.8.34330.188
MinimumVisualStudioVersion = 10.0.40219.1
Project("{FAE04EC0-301F-11D3-BF4B-00C04F79EFBC}") = "saidadedados", "saidadedados.csproj", "{E739EB26-CF29-4749-9FF4-ACA43CA44928}"
EndProject
Global
	GlobalSection(SolutionConfigurationPlatforms) = preSolution
		Debug|Any CPU = Debug|Any CPU
		Release|Any CPU = Release|Any CPU
	EndGlobalSection
	GlobalSection(ProjectConfigurationPlatforms) = postSolution
		{E739EB26-CF29-4749-9FF4-ACA43CA44928}.Debug|Any CPU.ActiveCfg = Debug|Any CPU
		{E739EB26-CF29-4749-9FF4-ACA43CA44928}.Debug|Any CPU.Build.0 = Debug|Any CPU
		{E739EB26-CF29-4749-9FF4-ACA43CA44928}.Release|Any CPU.ActiveCfg = Release|Any CPU
		{E739EB26-CF29-4749-9FF4-ACA43CA44928}.Release|Any CPU.Build.0 = Release|Any CPU
	EndGlobalSection
	GlobalSection(SolutionProperties) = preSolution
		HideSolutionNode = FALSE
	EndGlobalSection
	GlobalSection(ExtensibilityGlobals) = postSolution
		SolutionGuid = {473CAC97-B6FD-4750-8C05-0CEA5821F506}
	EndGlobalSection
EndGlobal
