
Microsoft Visual Studio Solution File, Format Version 12.00
# Visual Studio Version 17
VisualStudioVersion = 17.8.34330.188
MinimumVisualStudioVersion = 10.0.40219.1
Project("{FAE04EC0-301F-11D3-BF4B-00C04F79EFBC}") = "funcoes", "funcoes.csproj", "{CC9A3F22-ACEA-4D48-8FF4-C3F1F9FD273E}"
EndProject
Global
	GlobalSection(SolutionConfigurationPlatforms) = preSolution
		Debug|Any CPU = Debug|Any CPU
		Release|Any CPU = Release|Any CPU
	EndGlobalSection
	GlobalSection(ProjectConfigurationPlatforms) = postSolution
		{CC9A3F22-ACEA-4D48-8FF4-C3F1F9FD273E}.Debug|Any CPU.ActiveCfg = Debug|Any CPU
		{CC9A3F22-ACEA-4D48-8FF4-C3F1F9FD273E}.Debug|Any CPU.Build.0 = Debug|Any CPU
		{CC9A3F22-ACEA-4D48-8FF4-C3F1F9FD273E}.Release|Any CPU.ActiveCfg = Release|Any CPU
		{CC9A3F22-ACEA-4D48-8FF4-C3F1F9FD273E}.Release|Any CPU.Build.0 = Release|Any CPU
	EndGlobalSection
	GlobalSection(SolutionProperties) = preSolution
		HideSolutionNode = FALSE
	EndGlobalSection
	GlobalSection(ExtensibilityGlobals) = postSolution
		SolutionGuid = {5D6DE46D-D1EC-42ED-A948-42F349C059CF}
	EndGlobalSection
EndGlobal
