
Microsoft Visual Studio Solution File, Format Version 12.00
# Visual Studio Version 17
VisualStudioVersion = 17.9.34622.214
MinimumVisualStudioVersion = 10.0.40219.1
Project("{FAE04EC0-301F-11D3-BF4B-00C04F79EFBC}") = "AutoProp", "AutoProp.csproj", "{BE12F638-A193-4BDC-ADD6-FB3C921A6E98}"
EndProject
Global
	GlobalSection(SolutionConfigurationPlatforms) = preSolution
		Debug|Any CPU = Debug|Any CPU
		Release|Any CPU = Release|Any CPU
	EndGlobalSection
	GlobalSection(ProjectConfigurationPlatforms) = postSolution
		{BE12F638-A193-4BDC-ADD6-FB3C921A6E98}.Debug|Any CPU.ActiveCfg = Debug|Any CPU
		{BE12F638-A193-4BDC-ADD6-FB3C921A6E98}.Debug|Any CPU.Build.0 = Debug|Any CPU
		{BE12F638-A193-4BDC-ADD6-FB3C921A6E98}.Release|Any CPU.ActiveCfg = Release|Any CPU
		{BE12F638-A193-4BDC-ADD6-FB3C921A6E98}.Release|Any CPU.Build.0 = Release|Any CPU
	EndGlobalSection
	GlobalSection(SolutionProperties) = preSolution
		HideSolutionNode = FALSE
	EndGlobalSection
	GlobalSection(ExtensibilityGlobals) = postSolution
		SolutionGuid = {F755AB55-F8A0-4C3D-B166-DECD16A46CF1}
	EndGlobalSection
EndGlobal
