
Microsoft Visual Studio Solution File, Format Version 12.00
# Visual Studio Version 17
VisualStudioVersion = 17.8.34330.188
MinimumVisualStudioVersion = 10.0.40219.1
Project("{FAE04EC0-301F-11D3-BF4B-00C04F79EFBC}") = "estifelse", "estifelse.csproj", "{ECEC16DE-634B-4C9C-87E2-47D3D0EB124F}"
EndProject
Global
	GlobalSection(SolutionConfigurationPlatforms) = preSolution
		Debug|Any CPU = Debug|Any CPU
		Release|Any CPU = Release|Any CPU
	EndGlobalSection
	GlobalSection(ProjectConfigurationPlatforms) = postSolution
		{ECEC16DE-634B-4C9C-87E2-47D3D0EB124F}.Debug|Any CPU.ActiveCfg = Debug|Any CPU
		{ECEC16DE-634B-4C9C-87E2-47D3D0EB124F}.Debug|Any CPU.Build.0 = Debug|Any CPU
		{ECEC16DE-634B-4C9C-87E2-47D3D0EB124F}.Release|Any CPU.ActiveCfg = Release|Any CPU
		{ECEC16DE-634B-4C9C-87E2-47D3D0EB124F}.Release|Any CPU.Build.0 = Release|Any CPU
	EndGlobalSection
	GlobalSection(SolutionProperties) = preSolution
		HideSolutionNode = FALSE
	EndGlobalSection
	GlobalSection(ExtensibilityGlobals) = postSolution
		SolutionGuid = {08C9C36E-0B5A-440A-B95A-263266695BD6}
	EndGlobalSection
EndGlobal
