
Microsoft Visual Studio Solution File, Format Version 12.00
# Visual Studio Version 17
VisualStudioVersion = 17.8.34330.188
MinimumVisualStudioVersion = 10.0.40219.1
Project("{FAE04EC0-301F-11D3-BF4B-00C04F79EFBC}") = "repmelhoratributo", "repmelhoratributo.csproj", "{4AE6E944-C317-4995-B6C3-A9C15CD19713}"
EndProject
Global
	GlobalSection(SolutionConfigurationPlatforms) = preSolution
		Debug|Any CPU = Debug|Any CPU
		Release|Any CPU = Release|Any CPU
	EndGlobalSection
	GlobalSection(ProjectConfigurationPlatforms) = postSolution
		{4AE6E944-C317-4995-B6C3-A9C15CD19713}.Debug|Any CPU.ActiveCfg = Debug|Any CPU
		{4AE6E944-C317-4995-B6C3-A9C15CD19713}.Debug|Any CPU.Build.0 = Debug|Any CPU
		{4AE6E944-C317-4995-B6C3-A9C15CD19713}.Release|Any CPU.ActiveCfg = Release|Any CPU
		{4AE6E944-C317-4995-B6C3-A9C15CD19713}.Release|Any CPU.Build.0 = Release|Any CPU
	EndGlobalSection
	GlobalSection(SolutionProperties) = preSolution
		HideSolutionNode = FALSE
	EndGlobalSection
	GlobalSection(ExtensibilityGlobals) = postSolution
		SolutionGuid = {0156810B-B4A8-4FF4-8FE5-CBEDF34F4956}
	EndGlobalSection
EndGlobal
