
Microsoft Visual Studio Solution File, Format Version 12.00
# Visual Studio Version 17
VisualStudioVersion = 17.9.34728.123
MinimumVisualStudioVersion = 10.0.40219.1
Project("{FAE04EC0-301F-11D3-BF4B-00C04F79EFBC}") = "datetime", "datetime\datetime.csproj", "{B9FFE279-EA67-4D00-A1C8-FC60579E3964}"
EndProject
Global
	GlobalSection(SolutionConfigurationPlatforms) = preSolution
		Debug|Any CPU = Debug|Any CPU
		Release|Any CPU = Release|Any CPU
	EndGlobalSection
	GlobalSection(ProjectConfigurationPlatforms) = postSolution
		{B9FFE279-EA67-4D00-A1C8-FC60579E3964}.Debug|Any CPU.ActiveCfg = Debug|Any CPU
		{B9FFE279-EA67-4D00-A1C8-FC60579E3964}.Debug|Any CPU.Build.0 = Debug|Any CPU
		{B9FFE279-EA67-4D00-A1C8-FC60579E3964}.Release|Any CPU.ActiveCfg = Release|Any CPU
		{B9FFE279-EA67-4D00-A1C8-FC60579E3964}.Release|Any CPU.Build.0 = Release|Any CPU
	EndGlobalSection
	GlobalSection(SolutionProperties) = preSolution
		HideSolutionNode = FALSE
	EndGlobalSection
	GlobalSection(ExtensibilityGlobals) = postSolution
		SolutionGuid = {16F5032E-3E17-4EDF-B999-1112982F138D}
	EndGlobalSection
EndGlobal
