
Microsoft Visual Studio Solution File, Format Version 12.00
# Visual Studio Version 17
VisualStudioVersion = 17.9.34622.214
MinimumVisualStudioVersion = 10.0.40219.1
Project("{FAE04EC0-301F-11D3-BF4B-00C04F79EFBC}") = "Exerbanco", "Exerbanco.csproj", "{7859CE93-2C84-42DC-AEA0-ADC8DCB25381}"
EndProject
Global
	GlobalSection(SolutionConfigurationPlatforms) = preSolution
		Debug|Any CPU = Debug|Any CPU
		Release|Any CPU = Release|Any CPU
	EndGlobalSection
	GlobalSection(ProjectConfigurationPlatforms) = postSolution
		{7859CE93-2C84-42DC-AEA0-ADC8DCB25381}.Debug|Any CPU.ActiveCfg = Debug|Any CPU
		{7859CE93-2C84-42DC-AEA0-ADC8DCB25381}.Debug|Any CPU.Build.0 = Debug|Any CPU
		{7859CE93-2C84-42DC-AEA0-ADC8DCB25381}.Release|Any CPU.ActiveCfg = Release|Any CPU
		{7859CE93-2C84-42DC-AEA0-ADC8DCB25381}.Release|Any CPU.Build.0 = Release|Any CPU
	EndGlobalSection
	GlobalSection(SolutionProperties) = preSolution
		HideSolutionNode = FALSE
	EndGlobalSection
	GlobalSection(ExtensibilityGlobals) = postSolution
		SolutionGuid = {55ACC604-2F5B-4290-A23E-FE0BB5292DC3}
	EndGlobalSection
EndGlobal
