
Microsoft Visual Studio Solution File, Format Version 12.00
# Visual Studio Version 17
VisualStudioVersion = 17.8.34330.188
MinimumVisualStudioVersion = 10.0.40219.1
Project("{FAE04EC0-301F-11D3-BF4B-00C04F79EFBC}") = "exerSaidadedados", "exerSaidadedados.csproj", "{DE2C8FBD-E109-4B21-9E39-B0C590F7DC9B}"
EndProject
Global
	GlobalSection(SolutionConfigurationPlatforms) = preSolution
		Debug|Any CPU = Debug|Any CPU
		Release|Any CPU = Release|Any CPU
	EndGlobalSection
	GlobalSection(ProjectConfigurationPlatforms) = postSolution
		{DE2C8FBD-E109-4B21-9E39-B0C590F7DC9B}.Debug|Any CPU.ActiveCfg = Debug|Any CPU
		{DE2C8FBD-E109-4B21-9E39-B0C590F7DC9B}.Debug|Any CPU.Build.0 = Debug|Any CPU
		{DE2C8FBD-E109-4B21-9E39-B0C590F7DC9B}.Release|Any CPU.ActiveCfg = Release|Any CPU
		{DE2C8FBD-E109-4B21-9E39-B0C590F7DC9B}.Release|Any CPU.Build.0 = Release|Any CPU
	EndGlobalSection
	GlobalSection(SolutionProperties) = preSolution
		HideSolutionNode = FALSE
	EndGlobalSection
	GlobalSection(ExtensibilityGlobals) = postSolution
		SolutionGuid = {6DE5A3C5-C740-44CC-8ECD-EBE4159D5BC2}
	EndGlobalSection
EndGlobal
