
Microsoft Visual Studio Solution File, Format Version 12.00
# Visual Studio Version 17
VisualStudioVersion = 17.9.34728.123
MinimumVisualStudioVersion = 10.0.40219.1
Project("{FAE04EC0-301F-11D3-BF4B-00C04F79EFBC}") = "Datetimekind", "Datetimekind\Datetimekind.csproj", "{8FCBE42A-1CBD-4F77-9E0F-DEB2D78F6542}"
EndProject
Global
	GlobalSection(SolutionConfigurationPlatforms) = preSolution
		Debug|Any CPU = Debug|Any CPU
		Release|Any CPU = Release|Any CPU
	EndGlobalSection
	GlobalSection(ProjectConfigurationPlatforms) = postSolution
		{8FCBE42A-1CBD-4F77-9E0F-DEB2D78F6542}.Debug|Any CPU.ActiveCfg = Debug|Any CPU
		{8FCBE42A-1CBD-4F77-9E0F-DEB2D78F6542}.Debug|Any CPU.Build.0 = Debug|Any CPU
		{8FCBE42A-1CBD-4F77-9E0F-DEB2D78F6542}.Release|Any CPU.ActiveCfg = Release|Any CPU
		{8FCBE42A-1CBD-4F77-9E0F-DEB2D78F6542}.Release|Any CPU.Build.0 = Release|Any CPU
	EndGlobalSection
	GlobalSection(SolutionProperties) = preSolution
		HideSolutionNode = FALSE
	EndGlobalSection
	GlobalSection(ExtensibilityGlobals) = postSolution
		SolutionGuid = {3EBB8A54-746D-483B-AEE9-6A30667FCBBB}
	EndGlobalSection
EndGlobal
